
Microsoft Visual Studio Solution File, Format Version 12.00
# Visual Studio Version 17
VisualStudioVersion = 17.11.35312.102
MinimumVisualStudioVersion = 10.0.40219.1
Project("{FAE04EC0-301F-11D3-BF4B-00C04F79EFBC}") = "LinkedInTester", "LinkedInTester.csproj", "{F2C75C6A-8A6D-48D1-AAE4-4D0D92FFF9ED}"
EndProject
Project("{FAE04EC0-301F-11D3-BF4B-00C04F79EFBC}") = "LI_Tests", "..\LI_Tests\LI_Tests.csproj", "{6DE71CDF-CC95-446E-9203-4D7D4F91B58A}"
EndProject
Global
	GlobalSection(SolutionConfigurationPlatforms) = preSolution
		Debug|Any CPU = Debug|Any CPU
		Release|Any CPU = Release|Any CPU
	EndGlobalSection
	GlobalSection(ProjectConfigurationPlatforms) = postSolution
		{F2C75C6A-8A6D-48D1-AAE4-4D0D92FFF9ED}.Debug|Any CPU.ActiveCfg = Debug|Any CPU
		{F2C75C6A-8A6D-48D1-AAE4-4D0D92FFF9ED}.Debug|Any CPU.Build.0 = Debug|Any CPU
		{F2C75C6A-8A6D-48D1-AAE4-4D0D92FFF9ED}.Release|Any CPU.ActiveCfg = Release|Any CPU
		{F2C75C6A-8A6D-48D1-AAE4-4D0D92FFF9ED}.Release|Any CPU.Build.0 = Release|Any CPU
		{6DE71CDF-CC95-446E-9203-4D7D4F91B58A}.Debug|Any CPU.ActiveCfg = Debug|Any CPU
		{6DE71CDF-CC95-446E-9203-4D7D4F91B58A}.Debug|Any CPU.Build.0 = Debug|Any CPU
		{6DE71CDF-CC95-446E-9203-4D7D4F91B58A}.Release|Any CPU.ActiveCfg = Release|Any CPU
		{6DE71CDF-CC95-446E-9203-4D7D4F91B58A}.Release|Any CPU.Build.0 = Release|Any CPU
	EndGlobalSection
	GlobalSection(SolutionProperties) = preSolution
		HideSolutionNode = FALSE
	EndGlobalSection
	GlobalSection(ExtensibilityGlobals) = postSolution
		SolutionGuid = {1D1CE351-CFDB-4394-9D40-77178FE2E02D}
	EndGlobalSection
EndGlobal
